// !$*UTF8*$!
{
	archiveVersion = 1;
	classes = {
	};
	objectVersion = 50;
	objects = {

/* Begin PBXBuildFile section */
		D20FD0172207F3FD0031BC26 /* AppDelegate.swift in Sources */ = {isa = PBXBuildFile; fileRef = D20FD0162207F3FD0031BC26 /* AppDelegate.swift */; };
		D20FD0192207F3FD0031BC26 /* ViewController.swift in Sources */ = {isa = PBXBuildFile; fileRef = D20FD0182207F3FD0031BC26 /* ViewController.swift */; };
		D20FD01C2207F3FD0031BC26 /* Main.storyboard in Resources */ = {isa = PBXBuildFile; fileRef = D20FD01A2207F3FD0031BC26 /* Main.storyboard */; };
		D20FD01F2207F3FD0031BC26 /* Lesson_4_5_Times_Table_App.xcdatamodeld in Sources */ = {isa = PBXBuildFile; fileRef = D20FD01D2207F3FD0031BC26 /* Lesson_4_5_Times_Table_App.xcdatamodeld */; };
		D20FD0212207F3FE0031BC26 /* Assets.xcassets in Resources */ = {isa = PBXBuildFile; fileRef = D20FD0202207F3FE0031BC26 /* Assets.xcassets */; };
		D20FD0242207F3FE0031BC26 /* LaunchScreen.storyboard in Resources */ = {isa = PBXBuildFile; fileRef = D20FD0222207F3FE0031BC26 /* LaunchScreen.storyboard */; };
/* End PBXBuildFile section */

/* Begin PBXFileReference section */
		D20FD0132207F3FD0031BC26 /* Lesson 4.5 Times Table App.app */ = {isa = PBXFileReference; explicitFileType = wrapper.application; includeInIndex = 0; path = "Lesson 4.5 Times Table App.app"; sourceTree = BUILT_PRODUCTS_DIR; };
		D20FD0162207F3FD0031BC26 /* AppDelegate.swift */ = {isa = PBXFileReference; lastKnownFileType = sourcecode.swift; path = AppDelegate.swift; sourceTree = "<group>"; };
		D20FD0182207F3FD0031BC26 /* ViewController.swift */ = {isa = PBXFileReference; lastKnownFileType = sourcecode.swift; path = ViewController.swift; sourceTree = "<group>"; };
		D20FD01B2207F3FD0031BC26 /* Base */ = {isa = PBXFileReference; lastKnownFileType = file.storyboard; name = Base; path = Base.lproj/Main.storyboard; sourceTree = "<group>"; };
		D20FD01E2207F3FD0031BC26 /* Lesson_4_5_Times_Table_App.xcdatamodel */ = {isa = PBXFileReference; lastKnownFileType = wrapper.xcdatamodel; path = Lesson_4_5_Times_Table_App.xcdatamodel; sourceTree = "<group>"; };
		D20FD0202207F3FE0031BC26 /* Assets.xcassets */ = {isa = PBXFileReference; lastKnownFileType = folder.assetcatalog; path = Assets.xcassets; sourceTree = "<group>"; };
		D20FD0232207F3FE0031BC26 /* Base */ = {isa = PBXFileReference; lastKnownFileType = file.storyboard; name = Base; path = Base.lproj/LaunchScreen.storyboard; sourceTree = "<group>"; };
		D20FD0252207F3FE0031BC26 /* Info.plist */ = {isa = PBXFileReference; lastKnownFileType = text.plist.xml; path = Info.plist; sourceTree = "<group>"; };
/* End PBXFileReference section */

/* Begin PBXFrameworksBuildPhase section */
		D20FD0102207F3FD0031BC26 /* Frameworks */ = {
			isa = PBXFrameworksBuildPhase;
			buildActionMask = 2147483647;
			files = (
			);
			runOnlyForDeploymentPostprocessing = 0;
		};
/* End PBXFrameworksBuildPhase section */

/* Begin PBXGroup section */
		D20FD00A2207F3FD0031BC26 = {
			isa = PBXGroup;
			children = (
				D20FD0152207F3FD0031BC26 /* Lesson 4.5 Times Table App */,
				D20FD0142207F3FD0031BC26 /* Products */,
			);
			sourceTree = "<group>";
		};
		D20FD0142207F3FD0031BC26 /* Products */ = {
			isa = PBXGroup;
			children = (
				D20FD0132207F3FD0031BC26 /* Lesson 4.5 Times Table App.app */,
			);
			name = Products;
			sourceTree = "<group>";
		};
		D20FD0152207F3FD0031BC26 /* Lesson 4.5 Times Table App */ = {
			isa = PBXGroup;
			children = (
				D20FD0162207F3FD0031BC26 /* AppDelegate.swift */,
				D20FD0182207F3FD0031BC26 /* ViewController.swift */,
				D20FD01A2207F3FD0031BC26 /* Main.storyboard */,
				D20FD0202207F3FE0031BC26 /* Assets.xcassets */,
				D20FD0222207F3FE0031BC26 /* LaunchScreen.storyboard */,
				D20FD0252207F3FE0031BC26 /* Info.plist */,
				D20FD01D2207F3FD0031BC26 /* Lesson_4_5_Times_Table_App.xcdatamodeld */,
			);
			path = "Lesson 4.5 Times Table App";
			sourceTree = "<group>";
		};
/* End PBXGroup section */

/* Begin PBXNativeTarget section */
		D20FD0122207F3FD0031BC26 /* Lesson 4.5 Times Table App */ = {
			isa = PBXNativeTarget;
			buildConfigurationList = D20FD0282207F3FE0031BC26 /* Build configuration list for PBXNativeTarget "Lesson 4.5 Times Table App" */;
			buildPhases = (
				D20FD00F2207F3FD0031BC26 /* Sources */,
				D20FD0102207F3FD0031BC26 /* Frameworks */,
				D20FD0112207F3FD0031BC26 /* Resources */,
			);
			buildRules = (
			);
			dependencies = (
			);
			name = "Lesson 4.5 Times Table App";
			productName = "Lesson 4.5 Times Table App";
			productReference = D20FD0132207F3FD0031BC26 /* Lesson 4.5 Times Table App.app */;
			productType = "com.apple.product-type.application";
		};
/* End PBXNativeTarget section */

/* Begin PBXProject section */
		D20FD00B2207F3FD0031BC26 /* Project object */ = {
			isa = PBXProject;
			attributes = {
				LastSwiftUpdateCheck = 1010;
				LastUpgradeCheck = 1010;
				ORGANIZATIONNAME = Learning;
				TargetAttributes = {
					D20FD0122207F3FD0031BC26 = {
						CreatedOnToolsVersion = 10.1;
					};
				};
			};
			buildConfigurationList = D20FD00E2207F3FD0031BC26 /* Build configuration list for PBXProject "Lesson 4.5 Times Table App" */;
			compatibilityVersion = "Xcode 9.3";
			developmentRegion = en;
			hasScannedForEncodings = 0;
			knownRegions = (
				en,
				Base,
			);
			mainGroup = D20FD00A2207F3FD0031BC26;
			productRefGroup = D20FD0142207F3FD0031BC26 /* Products */;
			projectDirPath = "";
			projectRoot = "";
			targets = (
				D20FD0122207F3FD0031BC26 /* Lesson 4.5 Times Table App */,
			);
		};
/* End PBXProject section */

/* Begin PBXResourcesBuildPhase section */
		D20FD0112207F3FD0031BC26 /* Resources */ = {
			isa = PBXResourcesBuildPhase;
			buildActionMask = 2147483647;
			files = (
				D20FD0242207F3FE0031BC26 /* LaunchScreen.storyboard in Resources */,
				D20FD0212207F3FE0031BC26 /* Assets.xcassets in Resources */,
				D20FD01C2207F3FD0031BC26 /* Main.storyboard in Resources */,
			);
			runOnlyForDeploymentPostprocessing = 0;
		};
/* End PBXResourcesBuildPhase section */

/* Begin PBXSourcesBuildPhase section */
		D20FD00F2207F3FD0031BC26 /* Sources */ = {
			isa = PBXSourcesBuildPhase;
			buildActionMask = 2147483647;
			files = (
				D20FD01F2207F3FD0031BC26 /* Lesson_4_5_Times_Table_App.xcdatamodeld in Sources */,
				D20FD0192207F3FD0031BC26 /* ViewController.swift in Sources */,
				D20FD0172207F3FD0031BC26 /* AppDelegate.swift in Sources */,
			);
			runOnlyForDeploymentPostprocessing = 0;
		};
/* End PBXSourcesBuildPhase section */

/* Begin PBXVariantGroup section */
		D20FD01A2207F3FD0031BC26 /* Main.storyboard */ = {
			isa = PBXVariantGroup;
			children = (
				D20FD01B2207F3FD0031BC26 /* Base */,
			);
			name = Main.storyboard;
			sourceTree = "<group>";
		};
		D20FD0222207F3FE0031BC26 /* LaunchScreen.storyboard */ = {
			isa = PBXVariantGroup;
			children = (
				D20FD0232207F3FE0031BC26 /* Base */,
			);
			name = LaunchScreen.storyboard;
			sourceTree = "<group>";
		};
/* End PBXVariantGroup section */

/* Begin XCBuildConfiguration section */
		D20FD0262207F3FE0031BC26 /* Debug */ = {
			isa = XCBuildConfiguration;
			buildSettings = {
				ALWAYS_SEARCH_USER_PATHS = NO;
				CLANG_ANALYZER_NONNULL = YES;
				CLANG_ANALYZER_NUMBER_OBJECT_CONVERSION = YES_AGGRESSIVE;
				CLANG_CXX_LANGUAGE_STANDARD = "gnu++14";
				CLANG_CXX_LIBRARY = "libc++";
				CLANG_ENABLE_MODULES = YES;
				CLANG_ENABLE_OBJC_ARC = YES;
				CLANG_ENABLE_OBJC_WEAK = YES;
				CLANG_WARN_BLOCK_CAPTURE_AUTORELEASING = YES;
				CLANG_WARN_BOOL_CONVERSION = YES;
				CLANG_WARN_COMMA = YES;
				CLANG_WARN_CONSTANT_CONVERSION = YES;
				CLANG_WARN_DEPRECATED_OBJC_IMPLEMENTATIONS = YES;
				CLANG_WARN_DIRECT_OBJC_ISA_USAGE = YES_ERROR;
				CLANG_WARN_DOCUMENTATION_COMMENTS = YES;
				CLANG_WARN_EMPTY_BODY = YES;
				CLANG_WARN_ENUM_CONVERSION = YES;
				CLANG_WARN_INFINITE_RECURSION = YES;
				CLANG_WARN_INT_CONVERSION = YES;
				CLANG_WARN_NON_LITERAL_NULL_CONVERSION = YES;
				CLANG_WARN_OBJC_IMPLICIT_RETAIN_SELF = YES;
				CLANG_WARN_OBJC_LITERAL_CONVERSION = YES;
				CLANG_WARN_OBJC_ROOT_CLASS = YES_ERROR;
				CLANG_WARN_RANGE_LOOP_ANALYSIS = YES;
				CLANG_WARN_STRICT_PROTOTYPES = YES;
				CLANG_WARN_SUSPICIOUS_MOVE = YES;
				CLANG_WARN_UNGUARDED_AVAILABILITY = YES_AGGRESSIVE;
				CLANG_WARN_UNREACHABLE_CODE = YES;
				CLANG_WARN__DUPLICATE_METHOD_MATCH = YES;
				CODE_SIGN_IDENTITY = "iPhone Developer";
				COPY_PHASE_STRIP = NO;
				DEBUG_INFORMATION_FORMAT = dwarf;
				ENABLE_STRICT_OBJC_MSGSEND = YES;
				ENABLE_TESTABILITY = YES;
				GCC_C_LANGUAGE_STANDARD = gnu11;
				GCC_DYNAMIC_NO_PIC = NO;
				GCC_NO_COMMON_BLOCKS = YES;
				GCC_OPTIMIZATION_LEVEL = 0;
				GCC_PREPROCESSOR_DEFINITIONS = (
					"DEBUG=1",
					"$(inherited)",
				);
				GCC_WARN_64_TO_32_BIT_CONVERSION = YES;
				GCC_WARN_ABOUT_RETURN_TYPE = YES_ERROR;
				GCC_WARN_UNDECLARED_SELECTOR = YES;
				GCC_WARN_UNINITIALIZED_AUTOS = YES_AGGRESSIVE;
				GCC_WARN_UNUSED_FUNCTION = YES;
				GCC_WARN_UNUSED_VARIABLE = YES;
				IPHONEOS_DEPLOYMENT_TARGET = 11.4;
				MTL_ENABLE_DEBUG_INFO = INCLUDE_SOURCE;
				MTL_FAST_MATH = YES;
				ONLY_ACTIVE_ARCH = YES;
				SDKROOT = iphoneos;
				SWIFT_ACTIVE_COMPILATION_CONDITIONS = DEBUG;
				SWIFT_OPTIMIZATION_LEVEL = "-Onone";
			};
			name = Debug;
		};
		D20FD0272207F3FE0031BC26 /* Release */ = {
			isa = XCBuildConfiguration;
			buildSettings = {
				ALWAYS_SEARCH_USER_PATHS = NO;
				CLANG_ANALYZER_NONNULL = YES;
				CLANG_ANALYZER_NUMBER_OBJECT_CONVERSION = YES_AGGRESSIVE;
				CLANG_CXX_LANGUAGE_STANDARD = "gnu++14";
				CLANG_CXX_LIBRARY = "libc++";
				CLANG_ENABLE_MODULES = YES;
				CLANG_ENABLE_OBJC_ARC = YES;
				CLANG_ENABLE_OBJC_WEAK = YES;
				CLANG_WARN_BLOCK_CAPTURE_AUTORELEASING = YES;
				CLANG_WARN_BOOL_CONVERSION = YES;
				CLANG_WARN_COMMA = YES;
				CLANG_WARN_CONSTANT_CONVERSION = YES;
				CLANG_WARN_DEPRECATED_OBJC_IMPLEMENTATIONS = YES;
				CLANG_WARN_DIRECT_OBJC_ISA_USAGE = YES_ERROR;
				CLANG_WARN_DOCUMENTATION_COMMENTS = YES;
				CLANG_WARN_EMPTY_BODY = YES;
				CLANG_WARN_ENUM_CONVERSION = YES;
				CLANG_WARN_INFINITE_RECURSION = YES;
				CLANG_WARN_INT_CONVERSION = YES;
				CLANG_WARN_NON_LITERAL_NULL_CONVERSION = YES;
				CLANG_WARN_OBJC_IMPLICIT_RETAIN_SELF = YES;
				CLANG_WARN_OBJC_LITERAL_CONVERSION = YES;
				CLANG_WARN_OBJC_ROOT_CLASS = YES_ERROR;
				CLANG_WARN_RANGE_LOOP_ANALYSIS = YES;
				CLANG_WARN_STRICT_PROTOTYPES = YES;
				CLANG_WARN_SUSPICIOUS_MOVE = YES;
				CLANG_WARN_UNGUARDED_AVAILABILITY = YES_AGGRESSIVE;
				CLANG_WARN_UNREACHABLE_CODE = YES;
				CLANG_WARN__DUPLICATE_METHOD_MATCH = YES;
				CODE_SIGN_IDENTITY = "iPhone Developer";
				COPY_PHASE_STRIP = NO;
				DEBUG_INFORMATION_FORMAT = "dwarf-with-dsym";
				ENABLE_NS_ASSERTIONS = NO;
				ENABLE_STRICT_OBJC_MSGSEND = YES;
				GCC_C_LANGUAGE_STANDARD = gnu11;
				GCC_NO_COMMON_BLOCKS = YES;
				GCC_WARN_64_TO_32_BIT_CONVERSION = YES;
				GCC_WARN_ABOUT_RETURN_TYPE = YES_ERROR;
				GCC_WARN_UNDECLARED_SELECTOR = YES;
				GCC_WARN_UNINITIALIZED_AUTOS = YES_AGGRESSIVE;
				GCC_WARN_UNUSED_FUNCTION = YES;
				GCC_WARN_UNUSED_VARIABLE = YES;
				IPHONEOS_DEPLOYMENT_TARGET = 11.4;
				MTL_ENABLE_DEBUG_INFO = NO;
				MTL_FAST_MATH = YES;
				SDKROOT = iphoneos;
				SWIFT_COMPILATION_MODE = wholemodule;
				SWIFT_OPTIMIZATION_LEVEL = "-O";
				VALIDATE_PRODUCT = YES;
			};
			name = Release;
		};
		D20FD0292207F3FE0031BC26 /* Debug */ = {
			isa = XCBuildConfiguration;
			buildSettings = {
				ASSETCATALOG_COMPILER_APPICON_NAME = AppIcon;
				CODE_SIGN_STYLE = Automatic;
				DEVELOPMENT_TEAM = 6XD4UEMVZ7;
				INFOPLIST_FILE = "Lesson 4.5 Times Table App/Info.plist";
				LD_RUNPATH_SEARCH_PATHS = (
					"$(inherited)",
					"@executable_path/Frameworks",
				);
				PRODUCT_BUNDLE_IDENTIFIER = "Udemy.Lesson-4-5-Times-Table-App";
				PRODUCT_NAME = "$(TARGET_NAME)";
				SWIFT_VERSION = 4.2;
				TARGETED_DEVICE_FAMILY = "1,2";
			};
			name = Debug;
		};
		D20FD02A2207F3FE0031BC26 /* Release */ = {
			isa = XCBuildConfiguration;
			buildSettings = {
				ASSETCATALOG_COMPILER_APPICON_NAME = AppIcon;
				CODE_SIGN_STYLE = Automatic;
				DEVELOPMENT_TEAM = 6XD4UEMVZ7;
				INFOPLIST_FILE = "Lesson 4.5 Times Table App/Info.plist";
				LD_RUNPATH_SEARCH_PATHS = (
					"$(inherited)",
					"@executable_path/Frameworks",
				);
				PRODUCT_BUNDLE_IDENTIFIER = "Udemy.Lesson-4-5-Times-Table-App";
				PRODUCT_NAME = "$(TARGET_NAME)";
				SWIFT_VERSION = 4.2;
				TARGETED_DEVICE_FAMILY = "1,2";
			};
			name = Release;
		};
/* End XCBuildConfiguration section */

/* Begin XCConfigurationList section */
		D20FD00E2207F3FD0031BC26 /* Build configuration list for PBXProject "Lesson 4.5 Times Table App" */ = {
			isa = XCConfigurationList;
			buildConfigurations = (
				D20FD0262207F3FE0031BC26 /* Debug */,
				D20FD0272207F3FE0031BC26 /* Release */,
			);
			defaultConfigurationIsVisible = 0;
			defaultConfigurationName = Release;
		};
		D20FD0282207F3FE0031BC26 /* Build configuration list for PBXNativeTarget "Lesson 4.5 Times Table App" */ = {
			isa = XCConfigurationList;
			buildConfigurations = (
				D20FD0292207F3FE0031BC26 /* Debug */,
				D20FD02A2207F3FE0031BC26 /* Release */,
			);
			defaultConfigurationIsVisible = 0;
			defaultConfigurationName = Release;
		};
/* End XCConfigurationList section */

/* Begin XCVersionGroup section */
		D20FD01D2207F3FD0031BC26 /* Lesson_4_5_Times_Table_App.xcdatamodeld */ = {
			isa = XCVersionGroup;
			children = (
				D20FD01E2207F3FD0031BC26 /* Lesson_4_5_Times_Table_App.xcdatamodel */,
			);
			currentVersion = D20FD01E2207F3FD0031BC26 /* Lesson_4_5_Times_Table_App.xcdatamodel */;
			path = Lesson_4_5_Times_Table_App.xcdatamodeld;
			sourceTree = "<group>";
			versionGroupType = wrapper.xcdatamodel;
		};
/* End XCVersionGroup section */
	};
	rootObject = D20FD00B2207F3FD0031BC26 /* Project object */;
}
